source=http://enbdev.com/enbseries_skyrimse_v0504.zip
observed_date=2026-07-14-America-Los_Angeles
archive_sha256=f8cc7b824c18736195d461d099cdd791f09789e6da7106962dde4b8a12d06e78
wrapper_d3d11_sha256=87583e85ce993e6338486f6d5de09f9a74661ba245e820dc75e3a7a82c9888c7
wrapper_d3dcompiler_46e_sha256=ff2fffaf99916720914753d10e1db6e364011bb23da143178250cbea7dbfb945
wrapper_enbeffect_sha256=75bd7baac1b85ce23ce1d4fbcf5c04be5b4d75c9051519a4328b5f109eb964fd
sdk_archive_sha256=b014f5b4ee28bf6ae97ecf558edb9f391171b26c1fb2fcbab6709c74226a8e80
sdk_header_sha256=19b3e6a6f6a9d36357682da321fbd53f0001b88d3011fe553bcadf4e66453288
